
Microsoft Visual Studio Solution File, Format Version 12.00
# Visual Studio Version 16
VisualStudioVersion = 16.0.30204.135
MinimumVisualStudioVersion = 10.0.40219.1
Project("{FAE04EC0-301F-11D3-BF4B-00C04F79EFBC}") = "MonoGameXFormsSample.UWP", "MonoGameXFormsSample.UWP\MonoGameXFormsSample.UWP.csproj", "{83A90C25-F880-4E51-9AD4-F21AFAE5E1B3}"
EndProject
Project("{FAE04EC0-301F-11D3-BF4B-00C04F79EFBC}") = "MonoGameXFormsSample.Android", "MonoGameXFormsSample.Android\MonoGameXFormsSample.Android.csproj", "{6F4E060B-B7E8-406D-9DF0-8A3DED1510BE}"
EndProject
Project("{FAE04EC0-301F-11D3-BF4B-00C04F79EFBC}") = "MonoGameXFormsSample.iOS", "MonoGameXFormsSample.iOS\MonoGameXFormsSample.iOS.csproj", "{D07C2D5F-7622-45FD-82A8-01FD30D70EE7}"
EndProject
Project("{FAE04EC0-301F-11D3-BF4B-00C04F79EFBC}") = "MonoGameXFormsSample", "MonoGameXFormsSample\MonoGameXFormsSample.csproj", "{88CC6A2B-1336-4398-9DBE-2A9A9FE39651}"
EndProject
Global
	GlobalSection(SolutionConfigurationPlatforms) = preSolution
		Debug|Any CPU = Debug|Any CPU
		Debug|ARM = Debug|ARM
		Debug|iPhone = Debug|iPhone
		Debug|iPhoneSimulator = Debug|iPhoneSimulator
		Debug|x64 = Debug|x64
		Debug|x86 = Debug|x86
		Release|Any CPU = Release|Any CPU
		Release|ARM = Release|ARM
		Release|iPhone = Release|iPhone
		Release|iPhoneSimulator = Release|iPhoneSimulator
		Release|x64 = Release|x64
		Release|x86 = Release|x86
	EndGlobalSection
	GlobalSection(ProjectConfigurationPlatforms) = postSolution
		{83A90C25-F880-4E51-9AD4-F21AFAE5E1B3}.Debug|Any CPU.ActiveCfg = Debug|x86
		{83A90C25-F880-4E51-9AD4-F21AFAE5E1B3}.Debug|Any CPU.Build.0 = Debug|x86
		{83A90C25-F880-4E51-9AD4-F21AFAE5E1B3}.Debug|Any CPU.Deploy.0 = Debug|x86
		{83A90C25-F880-4E51-9AD4-F21AFAE5E1B3}.Debug|ARM.ActiveCfg = Debug|ARM
		{83A90C25-F880-4E51-9AD4-F21AFAE5E1B3}.Debug|ARM.Build.0 = Debug|ARM
		{83A90C25-F880-4E51-9AD4-F21AFAE5E1B3}.Debug|ARM.Deploy.0 = Debug|ARM
		{83A90C25-F880-4E51-9AD4-F21AFAE5E1B3}.Debug|iPhone.ActiveCfg = Debug|x86
		{83A90C25-F880-4E51-9AD4-F21AFAE5E1B3}.Debug|iPhone.Build.0 = Debug|x86
		{83A90C25-F880-4E51-9AD4-F21AFAE5E1B3}.Debug|iPhone.Deploy.0 = Debug|x86
		{83A90C25-F880-4E51-9AD4-F21AFAE5E1B3}.Debug|iPhoneSimulator.ActiveCfg = Debug|x86
		{83A90C25-F880-4E51-9AD4-F21AFAE5E1B3}.Debug|iPhoneSimulator.Build.0 = Debug|x86
		{83A90C25-F880-4E51-9AD4-F21AFAE5E1B3}.Debug|iPhoneSimulator.Deploy.0 = Debug|x86
		{83A90C25-F880-4E51-9AD4-F21AFAE5E1B3}.Debug|x64.ActiveCfg = Debug|x64
		{83A90C25-F880-4E51-9AD4-F21AFAE5E1B3}.Debug|x64.Build.0 = Debug|x64
		{83A90C25-F880-4E51-9AD4-F21AFAE5E1B3}.Debug|x64.Deploy.0 = Debug|x64
		{83A90C25-F880-4E51-9AD4-F21AFAE5E1B3}.Debug|x86.ActiveCfg = Debug|x86
		{83A90C25-F880-4E51-9AD4-F21AFAE5E1B3}.Debug|x86.Build.0 = Debug|x86
		{83A90C25-F880-4E51-9AD4-F21AFAE5E1B3}.Debug|x86.Deploy.0 = Debug|x86
		{83A90C25-F880-4E51-9AD4-F21AFAE5E1B3}.Release|Any CPU.ActiveCfg = Release|x86
		{83A90C25-F880-4E51-9AD4-F21AFAE5E1B3}.Release|Any CPU.Build.0 = Release|x86
		{83A90C25-F880-4E51-9AD4-F21AFAE5E1B3}.Release|Any CPU.Deploy.0 = Release|x86
		{83A90C25-F880-4E51-9AD4-F21AFAE5E1B3}.Release|ARM.ActiveCfg = Release|ARM
		{83A90C25-F880-4E51-9AD4-F21AFAE5E1B3}.Release|ARM.Build.0 = Release|ARM
		{83A90C25-F880-4E51-9AD4-F21AFAE5E1B3}.Release|ARM.Deploy.0 = Release|ARM
		{83A90C25-F880-4E51-9AD4-F21AFAE5E1B3}.Release|iPhone.ActiveCfg = Release|x86
		{83A90C25-F880-4E51-9AD4-F21AFAE5E1B3}.Release|iPhone.Build.0 = Release|x86
		{83A90C25-F880-4E51-9AD4-F21AFAE5E1B3}.Release|iPhone.Deploy.0 = Release|x86
		{83A90C25-F880-4E51-9AD4-F21AFAE5E1B3}.Release|iPhoneSimulator.ActiveCfg = Release|x86
		{83A90C25-F880-4E51-9AD4-F21AFAE5E1B3}.Release|iPhoneSimulator.Build.0 = Release|x86
		{83A90C25-F880-4E51-9AD4-F21AFAE5E1B3}.Release|iPhoneSimulator.Deploy.0 = Release|x86
		{83A90C25-F880-4E51-9AD4-F21AFAE5E1B3}.Release|x64.ActiveCfg = Release|x64
		{83A90C25-F880-4E51-9AD4-F21AFAE5E1B3}.Release|x64.Build.0 = Release|x64
		{83A90C25-F880-4E51-9AD4-F21AFAE5E1B3}.Release|x64.Deploy.0 = Release|x64
		{83A90C25-F880-4E51-9AD4-F21AFAE5E1B3}.Release|x86.ActiveCfg = Release|x86
		{83A90C25-F880-4E51-9AD4-F21AFAE5E1B3}.Release|x86.Build.0 = Release|x86
		{83A90C25-F880-4E51-9AD4-F21AFAE5E1B3}.Release|x86.Deploy.0 = Release|x86
		{6F4E060B-B7E8-406D-9DF0-8A3DED1510BE}.Debug|Any CPU.ActiveCfg = Debug|Any CPU
		{6F4E060B-B7E8-406D-9DF0-8A3DED1510BE}.Debug|Any CPU.Build.0 = Debug|Any CPU
		{6F4E060B-B7E8-406D-9DF0-8A3DED1510BE}.Debug|Any CPU.Deploy.0 = Debug|Any CPU
		{6F4E060B-B7E8-406D-9DF0-8A3DED1510BE}.Debug|ARM.ActiveCfg = Debug|Any CPU
		{6F4E060B-B7E8-406D-9DF0-8A3DED1510BE}.Debug|ARM.Build.0 = Debug|Any CPU
		{6F4E060B-B7E8-406D-9DF0-8A3DED1510BE}.Debug|ARM.Deploy.0 = Debug|Any CPU
		{6F4E060B-B7E8-406D-9DF0-8A3DED1510BE}.Debug|iPhone.ActiveCfg = Debug|Any CPU
		{6F4E060B-B7E8-406D-9DF0-8A3DED1510BE}.Debug|iPhone.Build.0 = Debug|Any CPU
		{6F4E060B-B7E8-406D-9DF0-8A3DED1510BE}.Debug|iPhone.Deploy.0 = Debug|Any CPU
		{6F4E060B-B7E8-406D-9DF0-8A3DED1510BE}.Debug|iPhoneSimulator.ActiveCfg = Debug|Any CPU
		{6F4E060B-B7E8-406D-9DF0-8A3DED1510BE}.Debug|iPhoneSimulator.Build.0 = Debug|Any CPU
		{6F4E060B-B7E8-406D-9DF0-8A3DED1510BE}.Debug|iPhoneSimulator.Deploy.0 = Debug|Any CPU
		{6F4E060B-B7E8-406D-9DF0-8A3DED1510BE}.Debug|x64.ActiveCfg = Debug|Any CPU
		{6F4E060B-B7E8-406D-9DF0-8A3DED1510BE}.Debug|x64.Build.0 = Debug|Any CPU
		{6F4E060B-B7E8-406D-9DF0-8A3DED1510BE}.Debug|x64.Deploy.0 = Debug|Any CPU
		{6F4E060B-B7E8-406D-9DF0-8A3DED1510BE}.Debug|x86.ActiveCfg = Debug|Any CPU
		{6F4E060B-B7E8-406D-9DF0-8A3DED1510BE}.Debug|x86.Build.0 = Debug|Any CPU
		{6F4E060B-B7E8-406D-9DF0-8A3DED1510BE}.Debug|x86.Deploy.0 = Debug|Any CPU
		{6F4E060B-B7E8-406D-9DF0-8A3DED1510BE}.Release|Any CPU.ActiveCfg = Release|Any CPU
		{6F4E060B-B7E8-406D-9DF0-8A3DED1510BE}.Release|Any CPU.Build.0 = Release|Any CPU
		{6F4E060B-B7E8-406D-9DF0-8A3DED1510BE}.Release|Any CPU.Deploy.0 = Release|Any CPU
		{6F4E060B-B7E8-406D-9DF0-8A3DED1510BE}.Release|ARM.ActiveCfg = Release|Any CPU
		{6F4E060B-B7E8-406D-9DF0-8A3DED1510BE}.Release|ARM.Build.0 = Release|Any CPU
		{6F4E060B-B7E8-406D-9DF0-8A3DED1510BE}.Release|ARM.Deploy.0 = Release|Any CPU
		{6F4E060B-B7E8-406D-9DF0-8A3DED1510BE}.Release|iPhone.ActiveCfg = Release|Any CPU
		{6F4E060B-B7E8-406D-9DF0-8A3DED1510BE}.Release|iPhone.Build.0 = Release|Any CPU
		{6F4E060B-B7E8-406D-9DF0-8A3DED1510BE}.Release|iPhone.Deploy.0 = Release|Any CPU
		{6F4E060B-B7E8-406D-9DF0-8A3DED1510BE}.Release|iPhoneSimulator.ActiveCfg = Release|Any CPU
		{6F4E060B-B7E8-406D-9DF0-8A3DED1510BE}.Release|iPhoneSimulator.Build.0 = Release|Any CPU
		{6F4E060B-B7E8-406D-9DF0-8A3DED1510BE}.Release|iPhoneSimulator.Deploy.0 = Release|Any CPU
		{6F4E060B-B7E8-406D-9DF0-8A3DED1510BE}.Release|x64.ActiveCfg = Release|Any CPU
		{6F4E060B-B7E8-406D-9DF0-8A3DED1510BE}.Release|x64.Build.0 = Release|Any CPU
		{6F4E060B-B7E8-406D-9DF0-8A3DED1510BE}.Release|x64.Deploy.0 = Release|Any CPU
		{6F4E060B-B7E8-406D-9DF0-8A3DED1510BE}.Release|x86.ActiveCfg = Release|Any CPU
		{6F4E060B-B7E8-406D-9DF0-8A3DED1510BE}.Release|x86.Build.0 = Release|Any CPU
		{6F4E060B-B7E8-406D-9DF0-8A3DED1510BE}.Release|x86.Deploy.0 = Release|Any CPU
		{D07C2D5F-7622-45FD-82A8-01FD30D70EE7}.Debug|Any CPU.ActiveCfg = Debug|iPhone
		{D07C2D5F-7622-45FD-82A8-01FD30D70EE7}.Debug|Any CPU.Build.0 = Debug|iPhone
		{D07C2D5F-7622-45FD-82A8-01FD30D70EE7}.Debug|Any CPU.Deploy.0 = Debug|iPhone
		{D07C2D5F-7622-45FD-82A8-01FD30D70EE7}.Debug|ARM.ActiveCfg = Debug|iPhone
		{D07C2D5F-7622-45FD-82A8-01FD30D70EE7}.Debug|ARM.Build.0 = Debug|iPhone
		{D07C2D5F-7622-45FD-82A8-01FD30D70EE7}.Debug|ARM.Deploy.0 = Debug|iPhone
		{D07C2D5F-7622-45FD-82A8-01FD30D70EE7}.Debug|iPhone.ActiveCfg = Debug|iPhone
		{D07C2D5F-7622-45FD-82A8-01FD30D70EE7}.Debug|iPhone.Build.0 = Debug|iPhone
		{D07C2D5F-7622-45FD-82A8-01FD30D70EE7}.Debug|iPhone.Deploy.0 = Debug|iPhone
		{D07C2D5F-7622-45FD-82A8-01FD30D70EE7}.Debug|iPhoneSimulator.ActiveCfg = Debug|iPhoneSimulator
		{D07C2D5F-7622-45FD-82A8-01FD30D70EE7}.Debug|iPhoneSimulator.Build.0 = Debug|iPhoneSimulator
		{D07C2D5F-7622-45FD-82A8-01FD30D70EE7}.Debug|iPhoneSimulator.Deploy.0 = Debug|iPhoneSimulator
		{D07C2D5F-7622-45FD-82A8-01FD30D70EE7}.Debug|x64.ActiveCfg = Debug|iPhone
		{D07C2D5F-7622-45FD-82A8-01FD30D70EE7}.Debug|x64.Build.0 = Debug|iPhone
		{D07C2D5F-7622-45FD-82A8-01FD30D70EE7}.Debug|x64.Deploy.0 = Debug|iPhone
		{D07C2D5F-7622-45FD-82A8-01FD30D70EE7}.Debug|x86.ActiveCfg = Debug|iPhone
		{D07C2D5F-7622-45FD-82A8-01FD30D70EE7}.Debug|x86.Build.0 = Debug|iPhone
		{D07C2D5F-7622-45FD-82A8-01FD30D70EE7}.Debug|x86.Deploy.0 = Debug|iPhone
		{D07C2D5F-7622-45FD-82A8-01FD30D70EE7}.Release|Any CPU.ActiveCfg = Release|iPhone
		{D07C2D5F-7622-45FD-82A8-01FD30D70EE7}.Release|Any CPU.Build.0 = Release|iPhone
		{D07C2D5F-7622-45FD-82A8-01FD30D70EE7}.Release|Any CPU.Deploy.0 = Release|iPhone
		{D07C2D5F-7622-45FD-82A8-01FD30D70EE7}.Release|ARM.ActiveCfg = Release|iPhone
		{D07C2D5F-7622-45FD-82A8-01FD30D70EE7}.Release|ARM.Build.0 = Release|iPhone
		{D07C2D5F-7622-45FD-82A8-01FD30D70EE7}.Release|ARM.Deploy.0 = Release|iPhone
		{D07C2D5F-7622-45FD-82A8-01FD30D70EE7}.Release|iPhone.ActiveCfg = Release|iPhone
		{D07C2D5F-7622-45FD-82A8-01FD30D70EE7}.Release|iPhone.Build.0 = Release|iPhone
		{D07C2D5F-7622-45FD-82A8-01FD30D70EE7}.Release|iPhone.Deploy.0 = Release|iPhone
		{D07C2D5F-7622-45FD-82A8-01FD30D70EE7}.Release|iPhoneSimulator.ActiveCfg = Release|iPhoneSimulator
		{D07C2D5F-7622-45FD-82A8-01FD30D70EE7}.Release|iPhoneSimulator.Build.0 = Release|iPhoneSimulator
		{D07C2D5F-7622-45FD-82A8-01FD30D70EE7}.Release|iPhoneSimulator.Deploy.0 = Release|iPhoneSimulator
		{D07C2D5F-7622-45FD-82A8-01FD30D70EE7}.Release|x64.ActiveCfg = Release|iPhone
		{D07C2D5F-7622-45FD-82A8-01FD30D70EE7}.Release|x64.Build.0 = Release|iPhone
		{D07C2D5F-7622-45FD-82A8-01FD30D70EE7}.Release|x64.Deploy.0 = Release|iPhone
		{D07C2D5F-7622-45FD-82A8-01FD30D70EE7}.Release|x86.ActiveCfg = Release|iPhone
		{D07C2D5F-7622-45FD-82A8-01FD30D70EE7}.Release|x86.Build.0 = Release|iPhone
		{D07C2D5F-7622-45FD-82A8-01FD30D70EE7}.Release|x86.Deploy.0 = Release|iPhone
		{88CC6A2B-1336-4398-9DBE-2A9A9FE39651}.Debug|Any CPU.ActiveCfg = Debug|Any CPU
		{88CC6A2B-1336-4398-9DBE-2A9A9FE39651}.Debug|Any CPU.Build.0 = Debug|Any CPU
		{88CC6A2B-1336-4398-9DBE-2A9A9FE39651}.Debug|Any CPU.Deploy.0 = Debug|Any CPU
		{88CC6A2B-1336-4398-9DBE-2A9A9FE39651}.Debug|ARM.ActiveCfg = Debug|Any CPU
		{88CC6A2B-1336-4398-9DBE-2A9A9FE39651}.Debug|ARM.Build.0 = Debug|Any CPU
		{88CC6A2B-1336-4398-9DBE-2A9A9FE39651}.Debug|ARM.Deploy.0 = Debug|Any CPU
		{88CC6A2B-1336-4398-9DBE-2A9A9FE39651}.Debug|iPhone.ActiveCfg = Debug|Any CPU
		{88CC6A2B-1336-4398-9DBE-2A9A9FE39651}.Debug|iPhone.Build.0 = Debug|Any CPU
		{88CC6A2B-1336-4398-9DBE-2A9A9FE39651}.Debug|iPhone.Deploy.0 = Debug|Any CPU
		{88CC6A2B-1336-4398-9DBE-2A9A9FE39651}.Debug|iPhoneSimulator.ActiveCfg = Debug|Any CPU
		{88CC6A2B-1336-4398-9DBE-2A9A9FE39651}.Debug|iPhoneSimulator.Build.0 = Debug|Any CPU
		{88CC6A2B-1336-4398-9DBE-2A9A9FE39651}.Debug|iPhoneSimulator.Deploy.0 = Debug|Any CPU
		{88CC6A2B-1336-4398-9DBE-2A9A9FE39651}.Debug|x64.ActiveCfg = Debug|Any CPU
		{88CC6A2B-1336-4398-9DBE-2A9A9FE39651}.Debug|x64.Build.0 = Debug|Any CPU
		{88CC6A2B-1336-4398-9DBE-2A9A9FE39651}.Debug|x64.Deploy.0 = Debug|Any CPU
		{88CC6A2B-1336-4398-9DBE-2A9A9FE39651}.Debug|x86.ActiveCfg = Debug|Any CPU
		{88CC6A2B-1336-4398-9DBE-2A9A9FE39651}.Debug|x86.Build.0 = Debug|Any CPU
		{88CC6A2B-1336-4398-9DBE-2A9A9FE39651}.Debug|x86.Deploy.0 = Debug|Any CPU
		{88CC6A2B-1336-4398-9DBE-2A9A9FE39651}.Release|Any CPU.ActiveCfg = Release|Any CPU
		{88CC6A2B-1336-4398-9DBE-2A9A9FE39651}.Release|Any CPU.Build.0 = Release|Any CPU
		{88CC6A2B-1336-4398-9DBE-2A9A9FE39651}.Release|Any CPU.Deploy.0 = Release|Any CPU
		{88CC6A2B-1336-4398-9DBE-2A9A9FE39651}.Release|ARM.ActiveCfg = Release|Any CPU
		{88CC6A2B-1336-4398-9DBE-2A9A9FE39651}.Release|ARM.Build.0 = Release|Any CPU
		{88CC6A2B-1336-4398-9DBE-2A9A9FE39651}.Release|ARM.Deploy.0 = Release|Any CPU
		{88CC6A2B-1336-4398-9DBE-2A9A9FE39651}.Release|iPhone.ActiveCfg = Release|Any CPU
		{88CC6A2B-1336-4398-9DBE-2A9A9FE39651}.Release|iPhone.Build.0 = Release|Any CPU
		{88CC6A2B-1336-4398-9DBE-2A9A9FE39651}.Release|iPhone.Deploy.0 = Release|Any CPU
		{88CC6A2B-1336-4398-9DBE-2A9A9FE39651}.Release|iPhoneSimulator.ActiveCfg = Release|Any CPU
		{88CC6A2B-1336-4398-9DBE-2A9A9FE39651}.Release|iPhoneSimulator.Build.0 = Release|Any CPU
		{88CC6A2B-1336-4398-9DBE-2A9A9FE39651}.Release|iPhoneSimulator.Deploy.0 = Release|Any CPU
		{88CC6A2B-1336-4398-9DBE-2A9A9FE39651}.Release|x64.ActiveCfg = Release|Any CPU
		{88CC6A2B-1336-4398-9DBE-2A9A9FE39651}.Release|x64.Build.0 = Release|Any CPU
		{88CC6A2B-1336-4398-9DBE-2A9A9FE39651}.Release|x64.Deploy.0 = Release|Any CPU
		{88CC6A2B-1336-4398-9DBE-2A9A9FE39651}.Release|x86.ActiveCfg = Release|Any CPU
		{88CC6A2B-1336-4398-9DBE-2A9A9FE39651}.Release|x86.Build.0 = Release|Any CPU
		{88CC6A2B-1336-4398-9DBE-2A9A9FE39651}.Release|x86.Deploy.0 = Release|Any CPU
	EndGlobalSection
	GlobalSection(SolutionProperties) = preSolution
		HideSolutionNode = FALSE
	EndGlobalSection
	GlobalSection(ExtensibilityGlobals) = postSolution
		SolutionGuid = {1392A44D-4A84-4712-B8D8-886DB87A9099}
	EndGlobalSection
EndGlobal
